// !$*UTF8*$!
{
	archiveVersion = 1;
	classes = {};
	objectVersion = 77;
	objects = {
		A001 = {isa = PBXProject; attributes = {LastSwiftUpdateCheck = 1600; LastUpgradeCheck = 1600; TargetAttributes = {A010 = {CreatedOnToolsVersion = 16.0;}; A020 = {CreatedOnToolsVersion = 16.0; TestTargetID = A010;}; B040 = {CreatedOnToolsVersion = 16.0;};};}; buildConfigurationList = A005; compatibilityVersion = "Xcode 14.0"; developmentRegion = ru; hasScannedForEncodings = 0; knownRegions = (ru, en, Base); mainGroup = A002; productRefGroup = A004; projectDirPath = ""; projectRoot = ""; targets = (A010, A020, B040);};
		A002 = {isa = PBXGroup; children = (A003, B010, A013, A023, A004); sourceTree = "<group>";};
		A003 = {isa = PBXFileSystemSynchronizedRootGroup; path = TexasProgram; sourceTree = "<group>";};
		A013 = {isa = PBXGroup; children = (); name = Frameworks; sourceTree = "<group>";};
		A023 = {isa = PBXFileSystemSynchronizedRootGroup; path = TexasProgramTests; sourceTree = "<group>";};
		A004 = {isa = PBXGroup; children = (A011, A021, B005); name = Products; sourceTree = "<group>";};
		A011 = {isa = PBXFileReference; explicitFileType = wrapper.application; includeInIndex = 0; path = TexasProgram.app; sourceTree = BUILT_PRODUCTS_DIR;};
		A021 = {isa = PBXFileReference; explicitFileType = wrapper.cfbundle; includeInIndex = 0; path = TexasProgramTests.xctest; sourceTree = BUILT_PRODUCTS_DIR;};
		A010 = {isa = PBXNativeTarget; buildConfigurationList = A015; buildPhases = (A012, A014, A016, B033); buildRules = (); dependencies = (B041); fileSystemSynchronizedGroups = (A003); name = TexasProgram; productName = TexasProgram; productReference = A011; productType = "com.apple.product-type.application";};
		A020 = {isa = PBXNativeTarget; buildConfigurationList = A025; buildPhases = (A022, A024, A026); buildRules = (); dependencies = (A027); fileSystemSynchronizedGroups = (A023); name = TexasProgramTests; productName = TexasProgramTests; productReference = A021; productType = "com.apple.product-type.bundle.unit-test";};
		A027 = {isa = PBXTargetDependency; target = A010; targetProxy = A028;};
		A028 = {isa = PBXContainerItemProxy; containerPortal = A001; proxyType = 1; remoteGlobalIDString = A010; remoteInfo = TexasProgram;};
		A012 = {isa = PBXSourcesBuildPhase; buildActionMask = 2147483647; files = (B023); runOnlyForDeploymentPostprocessing = 0;};
		A014 = {isa = PBXFrameworksBuildPhase; buildActionMask = 2147483647; files = (); runOnlyForDeploymentPostprocessing = 0;};
		A016 = {isa = PBXResourcesBuildPhase; buildActionMask = 2147483647; files = (); runOnlyForDeploymentPostprocessing = 0;};
		A022 = {isa = PBXSourcesBuildPhase; buildActionMask = 2147483647; files = (); runOnlyForDeploymentPostprocessing = 0;};
		A024 = {isa = PBXFrameworksBuildPhase; buildActionMask = 2147483647; files = (); runOnlyForDeploymentPostprocessing = 0;};
		A026 = {isa = PBXResourcesBuildPhase; buildActionMask = 2147483647; files = (); runOnlyForDeploymentPostprocessing = 0;};
		B001 = {isa = PBXFileReference; lastKnownFileType = sourcecode.swift; path = RestActivityAttributes.swift; sourceTree = "<group>";};
		B002 = {isa = PBXFileReference; lastKnownFileType = sourcecode.swift; path = StrainWidgetsBundle.swift; sourceTree = "<group>";};
		B003 = {isa = PBXFileReference; lastKnownFileType = sourcecode.swift; path = RestLiveActivity.swift; sourceTree = "<group>";};
		B004 = {isa = PBXFileReference; lastKnownFileType = text.plist.xml; path = Info.plist; sourceTree = "<group>";};
		B006 = {isa = PBXFileReference; lastKnownFileType = sourcecode.swift; path = StrainHomeWidget.swift; sourceTree = "<group>";};
		B005 = {isa = PBXFileReference; explicitFileType = "wrapper.app-extension"; includeInIndex = 0; path = StrainWidgets.appex; sourceTree = BUILT_PRODUCTS_DIR;};
		B010 = {isa = PBXGroup; children = (B001, B003, B006, B002, B004); path = StrainWidgets; sourceTree = "<group>";};
		B020 = {isa = PBXBuildFile; fileRef = B001;};
		B021 = {isa = PBXBuildFile; fileRef = B002;};
		B022 = {isa = PBXBuildFile; fileRef = B003;};
		B023 = {isa = PBXBuildFile; fileRef = B001;};
		B025 = {isa = PBXBuildFile; fileRef = B006;};
		B024 = {isa = PBXBuildFile; fileRef = B005; settings = {ATTRIBUTES = (RemoveHeadersOnCopy, );};};
		B030 = {isa = PBXSourcesBuildPhase; buildActionMask = 2147483647; files = (B020, B021, B022, B025); runOnlyForDeploymentPostprocessing = 0;};
		B031 = {isa = PBXFrameworksBuildPhase; buildActionMask = 2147483647; files = (); runOnlyForDeploymentPostprocessing = 0;};
		B032 = {isa = PBXResourcesBuildPhase; buildActionMask = 2147483647; files = (); runOnlyForDeploymentPostprocessing = 0;};
		B033 = {isa = PBXCopyFilesBuildPhase; buildActionMask = 2147483647; dstPath = ""; dstSubfolderSpec = 13; files = (B024); name = "Embed Foundation Extensions"; runOnlyForDeploymentPostprocessing = 0;};
		B040 = {isa = PBXNativeTarget; buildConfigurationList = B050; buildPhases = (B030, B031, B032); buildRules = (); dependencies = (); name = StrainWidgets; productName = StrainWidgets; productReference = B005; productType = "com.apple.product-type.app-extension";};
		B041 = {isa = PBXTargetDependency; target = B040; targetProxy = B042;};
		B042 = {isa = PBXContainerItemProxy; containerPortal = A001; proxyType = 1; remoteGlobalIDString = B040; remoteInfo = StrainWidgets;};
		A005 = {isa = XCConfigurationList; buildConfigurations = (A006, A007); defaultConfigurationIsVisible = 0; defaultConfigurationName = Release;};
		A015 = {isa = XCConfigurationList; buildConfigurations = (A017, A018); defaultConfigurationIsVisible = 0; defaultConfigurationName = Release;};
		A025 = {isa = XCConfigurationList; buildConfigurations = (A029, A030); defaultConfigurationIsVisible = 0; defaultConfigurationName = Release;};
		B050 = {isa = XCConfigurationList; buildConfigurations = (B051, B052); defaultConfigurationIsVisible = 0; defaultConfigurationName = Release;};
		A006 = {isa = XCBuildConfiguration; buildSettings = {ALWAYS_SEARCH_USER_PATHS = NO; CLANG_ENABLE_MODULES = YES; CLANG_ENABLE_OBJC_ARC = YES; CLANG_WARN_DOCUMENTATION_COMMENTS = YES; ENABLE_STRICT_OBJC_MSGSEND = YES; IPHONEOS_DEPLOYMENT_TARGET = 17.0; SDKROOT = iphoneos; SWIFT_VERSION = 5.0;}; name = Debug;};
		A007 = {isa = XCBuildConfiguration; buildSettings = {ALWAYS_SEARCH_USER_PATHS = NO; CLANG_ENABLE_MODULES = YES; CLANG_ENABLE_OBJC_ARC = YES; ENABLE_STRICT_OBJC_MSGSEND = YES; IPHONEOS_DEPLOYMENT_TARGET = 17.0; SDKROOT = iphoneos; SWIFT_COMPILATION_MODE = wholemodule; SWIFT_VERSION = 5.0;}; name = Release;};
		A017 = {isa = XCBuildConfiguration; buildSettings = {ASSETCATALOG_COMPILER_APPICON_NAME = AppIcon; CODE_SIGN_STYLE = Automatic; CURRENT_PROJECT_VERSION = 1; DEVELOPMENT_TEAM = ""; ENABLE_PREVIEWS = YES; GENERATE_INFOPLIST_FILE = YES; INFOPLIST_KEY_CFBundleDisplayName = STRAIN; INFOPLIST_KEY_LSApplicationCategoryType = "public.app-category.healthcare-fitness"; INFOPLIST_KEY_NSSupportsLiveActivities = YES; INFOPLIST_KEY_UIApplicationSceneManifest_Generation = YES; INFOPLIST_KEY_UIApplicationSupportsIndirectInputEvents = YES; INFOPLIST_KEY_UILaunchScreen_Generation = YES; INFOPLIST_KEY_UISupportedInterfaceOrientations_iPhone = UIInterfaceOrientationPortrait; IPHONEOS_DEPLOYMENT_TARGET = 17.0; MARKETING_VERSION = 1.1.0; PRODUCT_BUNDLE_IDENTIFIER = com.texasprogram.app; PRODUCT_NAME = "$(TARGET_NAME)"; SWIFT_EMIT_LOC_STRINGS = YES; SWIFT_VERSION = 5.0; TARGETED_DEVICE_FAMILY = 1;}; name = Debug;};
		A018 = {isa = XCBuildConfiguration; buildSettings = {ASSETCATALOG_COMPILER_APPICON_NAME = AppIcon; CODE_SIGN_STYLE = Automatic; CURRENT_PROJECT_VERSION = 1; DEVELOPMENT_TEAM = ""; ENABLE_PREVIEWS = YES; GENERATE_INFOPLIST_FILE = YES; INFOPLIST_KEY_CFBundleDisplayName = STRAIN; INFOPLIST_KEY_LSApplicationCategoryType = "public.app-category.healthcare-fitness"; INFOPLIST_KEY_NSSupportsLiveActivities = YES; INFOPLIST_KEY_UIApplicationSceneManifest_Generation = YES; INFOPLIST_KEY_UIApplicationSupportsIndirectInputEvents = YES; INFOPLIST_KEY_UILaunchScreen_Generation = YES; INFOPLIST_KEY_UISupportedInterfaceOrientations_iPhone = UIInterfaceOrientationPortrait; IPHONEOS_DEPLOYMENT_TARGET = 17.0; MARKETING_VERSION = 1.1.0; PRODUCT_BUNDLE_IDENTIFIER = com.texasprogram.app; PRODUCT_NAME = "$(TARGET_NAME)"; SWIFT_EMIT_LOC_STRINGS = YES; SWIFT_VERSION = 5.0; TARGETED_DEVICE_FAMILY = 1;}; name = Release;};
		A029 = {isa = XCBuildConfiguration; buildSettings = {BUNDLE_LOADER = "$(TEST_HOST)"; CODE_SIGN_STYLE = Automatic; GENERATE_INFOPLIST_FILE = YES; IPHONEOS_DEPLOYMENT_TARGET = 17.0; PRODUCT_BUNDLE_IDENTIFIER = com.texasprogram.app.tests; PRODUCT_NAME = "$(TARGET_NAME)"; SWIFT_VERSION = 5.0; TARGETED_DEVICE_FAMILY = 1; TEST_HOST = "$(BUILT_PRODUCTS_DIR)/TexasProgram.app/$(BUNDLE_EXECUTABLE_FOLDER_PATH)/TexasProgram";}; name = Debug;};
		A030 = {isa = XCBuildConfiguration; buildSettings = {BUNDLE_LOADER = "$(TEST_HOST)"; CODE_SIGN_STYLE = Automatic; GENERATE_INFOPLIST_FILE = YES; IPHONEOS_DEPLOYMENT_TARGET = 17.0; PRODUCT_BUNDLE_IDENTIFIER = com.texasprogram.app.tests; PRODUCT_NAME = "$(TARGET_NAME)"; SWIFT_VERSION = 5.0; TARGETED_DEVICE_FAMILY = 1; TEST_HOST = "$(BUILT_PRODUCTS_DIR)/TexasProgram.app/$(BUNDLE_EXECUTABLE_FOLDER_PATH)/TexasProgram";}; name = Release;};
		B051 = {isa = XCBuildConfiguration; buildSettings = {CODE_SIGN_STYLE = Automatic; CURRENT_PROJECT_VERSION = 1; DEVELOPMENT_TEAM = ""; GENERATE_INFOPLIST_FILE = YES; INFOPLIST_FILE = StrainWidgets/Info.plist; INFOPLIST_KEY_CFBundleDisplayName = STRAIN; IPHONEOS_DEPLOYMENT_TARGET = 17.0; MARKETING_VERSION = 1.1.0; PRODUCT_BUNDLE_IDENTIFIER = com.texasprogram.app.widgets; PRODUCT_NAME = "$(TARGET_NAME)"; SKIP_INSTALL = YES; SWIFT_EMIT_LOC_STRINGS = YES; SWIFT_VERSION = 5.0; TARGETED_DEVICE_FAMILY = 1;}; name = Debug;};
		B052 = {isa = XCBuildConfiguration; buildSettings = {CODE_SIGN_STYLE = Automatic; CURRENT_PROJECT_VERSION = 1; DEVELOPMENT_TEAM = ""; GENERATE_INFOPLIST_FILE = YES; INFOPLIST_FILE = StrainWidgets/Info.plist; INFOPLIST_KEY_CFBundleDisplayName = STRAIN; IPHONEOS_DEPLOYMENT_TARGET = 17.0; MARKETING_VERSION = 1.1.0; PRODUCT_BUNDLE_IDENTIFIER = com.texasprogram.app.widgets; PRODUCT_NAME = "$(TARGET_NAME)"; SKIP_INSTALL = YES; SWIFT_EMIT_LOC_STRINGS = YES; SWIFT_VERSION = 5.0; TARGETED_DEVICE_FAMILY = 1;}; name = Release;};
	};
	rootObject = A001;
}
